// !$*UTF8*$!
{
	archiveVersion = 1;
	classes = {
	};
	objectVersion = 56;
	objects = {

/* Begin PBXBuildFile section */
		340BC6122994013200FE6945 /* LoginOTPView.swift in Sources */ = {isa = PBXBuildFile; fileRef = 340BC6112994013200FE6945 /* LoginOTPView.swift */; };
		34173364298FBB5C00EEC9B4 /* CrewlApp.swift in Sources */ = {isa = PBXBuildFile; fileRef = 34173363298FBB5C00EEC9B4 /* CrewlApp.swift */; };
		34173368298FBB5F00EEC9B4 /* Assets.xcassets in Resources */ = {isa = PBXBuildFile; fileRef = 34173367298FBB5F00EEC9B4 /* Assets.xcassets */; };
		3417336B298FBB5F00EEC9B4 /* Preview Assets.xcassets in Resources */ = {isa = PBXBuildFile; fileRef = 3417336A298FBB5F00EEC9B4 /* Preview Assets.xcassets */; };
		3461F88A298FCF0B00577FFB /* State+Extension.swift in Sources */ = {isa = PBXBuildFile; fileRef = 3461F887298FCF0B00577FFB /* State+Extension.swift */; };
		3461F88B298FCF0B00577FFB /* View+Extension.swift in Sources */ = {isa = PBXBuildFile; fileRef = 3461F888298FCF0B00577FFB /* View+Extension.swift */; };
		3461F896298FCF2900577FFB /* SpaceGrotesk-Light.ttf in Resources */ = {isa = PBXBuildFile; fileRef = 3461F88E298FCF2900577FFB /* SpaceGrotesk-Light.ttf */; };
		3461F897298FCF2900577FFB /* SpaceGrotesk-Regular.ttf in Resources */ = {isa = PBXBuildFile; fileRef = 3461F88F298FCF2900577FFB /* SpaceGrotesk-Regular.ttf */; };
		3461F898298FCF2900577FFB /* SpaceGrotesk-SemiBold.ttf in Resources */ = {isa = PBXBuildFile; fileRef = 3461F890298FCF2900577FFB /* SpaceGrotesk-SemiBold.ttf */; };
		3461F899298FCF2900577FFB /* SpaceGrotesk-Medium.ttf in Resources */ = {isa = PBXBuildFile; fileRef = 3461F891298FCF2900577FFB /* SpaceGrotesk-Medium.ttf */; };
		3461F89A298FCF2900577FFB /* SpaceGrotesk-Bold.ttf in Resources */ = {isa = PBXBuildFile; fileRef = 3461F892298FCF2900577FFB /* SpaceGrotesk-Bold.ttf */; };
		3461F89C298FCF2900577FFB /* Localizable.strings in Resources */ = {isa = PBXBuildFile; fileRef = 3461F894298FCF2900577FFB /* Localizable.strings */; };
		3461F8B5298FD25F00577FFB /* SplashViewModel.swift in Sources */ = {isa = PBXBuildFile; fileRef = 3461F8A2298FD25F00577FFB /* SplashViewModel.swift */; };
		3461F8B6298FD25F00577FFB /* SplashView.swift in Sources */ = {isa = PBXBuildFile; fileRef = 3461F8A3298FD25F00577FFB /* SplashView.swift */; };
		3461F8B7298FD25F00577FFB /* SplashRouter.swift in Sources */ = {isa = PBXBuildFile; fileRef = 3461F8A4298FD25F00577FFB /* SplashRouter.swift */; };
		3461F8B9298FD25F00577FFB /* ColorHelper.swift in Sources */ = {isa = PBXBuildFile; fileRef = 3461F8A9298FD25F00577FFB /* ColorHelper.swift */; };
		3461F8BA298FD25F00577FFB /* ColorHandler.swift in Sources */ = {isa = PBXBuildFile; fileRef = 3461F8AA298FD25F00577FFB /* ColorHandler.swift */; };
		3461F8BB298FD25F00577FFB /* ImageHelper.swift in Sources */ = {isa = PBXBuildFile; fileRef = 3461F8AC298FD25F00577FFB /* ImageHelper.swift */; };
		3461F8BC298FD25F00577FFB /* ImageHandler.swift in Sources */ = {isa = PBXBuildFile; fileRef = 3461F8AD298FD25F00577FFB /* ImageHandler.swift */; };
		3461F8BE298FD25F00577FFB /* TextHelper.swift in Sources */ = {isa = PBXBuildFile; fileRef = 3461F8B0298FD25F00577FFB /* TextHelper.swift */; };
		3461F8BF298FD25F00577FFB /* TextHandler.swift in Sources */ = {isa = PBXBuildFile; fileRef = 3461F8B1298FD25F00577FFB /* TextHandler.swift */; };
		3461F8C0298FD25F00577FFB /* FontHandler.swift in Sources */ = {isa = PBXBuildFile; fileRef = 3461F8B3298FD25F00577FFB /* FontHandler.swift */; };
		3461F8C1298FD25F00577FFB /* FontHelper.swift in Sources */ = {isa = PBXBuildFile; fileRef = 3461F8B4298FD25F00577FFB /* FontHelper.swift */; };
		3461F8C4298FD2BF00577FFB /* OnboardingView.swift in Sources */ = {isa = PBXBuildFile; fileRef = 3461F8C3298FD2BF00577FFB /* OnboardingView.swift */; };
		34D145E329932FB7007E9740 /* LoginPropertys.swift in Sources */ = {isa = PBXBuildFile; fileRef = 34D145E229932FB7007E9740 /* LoginPropertys.swift */; };
		34D145E52993368B007E9740 /* CustomPhoneTextField.swift in Sources */ = {isa = PBXBuildFile; fileRef = 34D145E42993368B007E9740 /* CustomPhoneTextField.swift */; };
		34D145E729933D26007E9740 /* CustomCountryTextField.swift in Sources */ = {isa = PBXBuildFile; fileRef = 34D145E629933D26007E9740 /* CustomCountryTextField.swift */; };
		34D264DA29929721003A2BDF /* LoginNumberViewModel.swift in Sources */ = {isa = PBXBuildFile; fileRef = 34D264D929929721003A2BDF /* LoginNumberViewModel.swift */; };
		34D264DC29929729003A2BDF /* LoginNumberRouter.swift in Sources */ = {isa = PBXBuildFile; fileRef = 34D264DB29929729003A2BDF /* LoginNumberRouter.swift */; };
		34D264DF2992979A003A2BDF /* PrivacyPolicy.swift in Sources */ = {isa = PBXBuildFile; fileRef = 34D264DE2992979A003A2BDF /* PrivacyPolicy.swift */; };
		34DA931C29917B3000A65E0E /* OnboardingViewModel.swift in Sources */ = {isa = PBXBuildFile; fileRef = 34DA931B29917B3000A65E0E /* OnboardingViewModel.swift */; };
		34DA931E29917B3700A65E0E /* OnboardingRouter.swift in Sources */ = {isa = PBXBuildFile; fileRef = 34DA931D29917B3700A65E0E /* OnboardingRouter.swift */; };
		34DA932129917C1100A65E0E /* PrehomeView.swift in Sources */ = {isa = PBXBuildFile; fileRef = 34DA932029917C1100A65E0E /* PrehomeView.swift */; };
		34DA9323299183DB00A65E0E /* PrimaryButtonStyle.swift in Sources */ = {isa = PBXBuildFile; fileRef = 34DA9322299183DB00A65E0E /* PrimaryButtonStyle.swift */; };
		34DA93262991845C00A65E0E /* HelperCustomizeButton.swift in Sources */ = {isa = PBXBuildFile; fileRef = 34DA93252991845C00A65E0E /* HelperCustomizeButton.swift */; };
		34DC9A742991ACD4002A8EC0 /* OnboardingItem.swift in Sources */ = {isa = PBXBuildFile; fileRef = 34DC9A732991ACD4002A8EC0 /* OnboardingItem.swift */; };
		34DC9A7629927374002A8EC0 /* BackButton.swift in Sources */ = {isa = PBXBuildFile; fileRef = 34DC9A7529927374002A8EC0 /* BackButton.swift */; };
		34DC9A7B29927995002A8EC0 /* BackButtonStyle.swift in Sources */ = {isa = PBXBuildFile; fileRef = 34DC9A7A29927995002A8EC0 /* BackButtonStyle.swift */; };
		34DC9A7D29927B05002A8EC0 /* PrehomeViewModel.swift in Sources */ = {isa = PBXBuildFile; fileRef = 34DC9A7C29927B05002A8EC0 /* PrehomeViewModel.swift */; };
		34DC9A8029927B14002A8EC0 /* PrehomeRouter.swift in Sources */ = {isa = PBXBuildFile; fileRef = 34DC9A7F29927B14002A8EC0 /* PrehomeRouter.swift */; };
		34DC9A8D29927C6E002A8EC0 /* RegisterName.swift in Sources */ = {isa = PBXBuildFile; fileRef = 34DC9A8C29927C6E002A8EC0 /* RegisterName.swift */; };
		34DC9A8F29927C7F002A8EC0 /* LoginNumberView.swift in Sources */ = {isa = PBXBuildFile; fileRef = 34DC9A8E29927C7F002A8EC0 /* LoginNumberView.swift */; };
/* End PBXBuildFile section */

/* Begin PBXFileReference section */
		340BC6112994013200FE6945 /* LoginOTPView.swift */ = {isa = PBXFileReference; lastKnownFileType = sourcecode.swift; path = LoginOTPView.swift; sourceTree = "<group>"; };
		34173360298FBB5C00EEC9B4 /* Crewl.app */ = {isa = PBXFileReference; explicitFileType = wrapper.application; includeInIndex = 0; path = Crewl.app; sourceTree = BUILT_PRODUCTS_DIR; };
		34173363298FBB5C00EEC9B4 /* CrewlApp.swift */ = {isa = PBXFileReference; lastKnownFileType = sourcecode.swift; path = CrewlApp.swift; sourceTree = "<group>"; };
		34173367298FBB5F00EEC9B4 /* Assets.xcassets */ = {isa = PBXFileReference; lastKnownFileType = folder.assetcatalog; path = Assets.xcassets; sourceTree = "<group>"; };
		3417336A298FBB5F00EEC9B4 /* Preview Assets.xcassets */ = {isa = PBXFileReference; lastKnownFileType = folder.assetcatalog; path = "Preview Assets.xcassets"; sourceTree = "<group>"; };
		3461F887298FCF0B00577FFB /* State+Extension.swift */ = {isa = PBXFileReference; fileEncoding = 4; lastKnownFileType = sourcecode.swift; path = "State+Extension.swift"; sourceTree = "<group>"; };
		3461F888298FCF0B00577FFB /* View+Extension.swift */ = {isa = PBXFileReference; fileEncoding = 4; lastKnownFileType = sourcecode.swift; path = "View+Extension.swift"; sourceTree = "<group>"; };
		3461F88E298FCF2900577FFB /* SpaceGrotesk-Light.ttf */ = {isa = PBXFileReference; lastKnownFileType = file; path = "SpaceGrotesk-Light.ttf"; sourceTree = "<group>"; };
		3461F88F298FCF2900577FFB /* SpaceGrotesk-Regular.ttf */ = {isa = PBXFileReference; lastKnownFileType = file; path = "SpaceGrotesk-Regular.ttf"; sourceTree = "<group>"; };
		3461F890298FCF2900577FFB /* SpaceGrotesk-SemiBold.ttf */ = {isa = PBXFileReference; lastKnownFileType = file; path = "SpaceGrotesk-SemiBold.ttf"; sourceTree = "<group>"; };
		3461F891298FCF2900577FFB /* SpaceGrotesk-Medium.ttf */ = {isa = PBXFileReference; lastKnownFileType = file; path = "SpaceGrotesk-Medium.ttf"; sourceTree = "<group>"; };
		3461F892298FCF2900577FFB /* SpaceGrotesk-Bold.ttf */ = {isa = PBXFileReference; lastKnownFileType = file; path = "SpaceGrotesk-Bold.ttf"; sourceTree = "<group>"; };
		3461F894298FCF2900577FFB /* Localizable.strings */ = {isa = PBXFileReference; fileEncoding = 4; lastKnownFileType = text.plist.strings; path = Localizable.strings; sourceTree = "<group>"; };
		3461F89D298FCFB000577FFB /* Info.plist */ = {isa = PBXFileReference; lastKnownFileType = text.plist.xml; path = Info.plist; sourceTree = "<group>"; };
		3461F8A2298FD25F00577FFB /* SplashViewModel.swift */ = {isa = PBXFileReference; fileEncoding = 4; lastKnownFileType = sourcecode.swift; path = SplashViewModel.swift; sourceTree = "<group>"; };
		3461F8A3298FD25F00577FFB /* SplashView.swift */ = {isa = PBXFileReference; fileEncoding = 4; lastKnownFileType = sourcecode.swift; path = SplashView.swift; sourceTree = "<group>"; };
		3461F8A4298FD25F00577FFB /* SplashRouter.swift */ = {isa = PBXFileReference; fileEncoding = 4; lastKnownFileType = sourcecode.swift; path = SplashRouter.swift; sourceTree = "<group>"; };
		3461F8A9298FD25F00577FFB /* ColorHelper.swift */ = {isa = PBXFileReference; fileEncoding = 4; lastKnownFileType = sourcecode.swift; path = ColorHelper.swift; sourceTree = "<group>"; };
		3461F8AA298FD25F00577FFB /* ColorHandler.swift */ = {isa = PBXFileReference; fileEncoding = 4; lastKnownFileType = sourcecode.swift; path = ColorHandler.swift; sourceTree = "<group>"; };
		3461F8AC298FD25F00577FFB /* ImageHelper.swift */ = {isa = PBXFileReference; fileEncoding = 4; lastKnownFileType = sourcecode.swift; path = ImageHelper.swift; sourceTree = "<group>"; };
		3461F8AD298FD25F00577FFB /* ImageHandler.swift */ = {isa = PBXFileReference; fileEncoding = 4; lastKnownFileType = sourcecode.swift; path = ImageHandler.swift; sourceTree = "<group>"; };
		3461F8B0298FD25F00577FFB /* TextHelper.swift */ = {isa = PBXFileReference; fileEncoding = 4; lastKnownFileType = sourcecode.swift; path = TextHelper.swift; sourceTree = "<group>"; };
		3461F8B1298FD25F00577FFB /* TextHandler.swift */ = {isa = PBXFileReference; fileEncoding = 4; lastKnownFileType = sourcecode.swift; path = TextHandler.swift; sourceTree = "<group>"; };
		3461F8B3298FD25F00577FFB /* FontHandler.swift */ = {isa = PBXFileReference; fileEncoding = 4; lastKnownFileType = sourcecode.swift; path = FontHandler.swift; sourceTree = "<group>"; };
		3461F8B4298FD25F00577FFB /* FontHelper.swift */ = {isa = PBXFileReference; fileEncoding = 4; lastKnownFileType = sourcecode.swift; path = FontHelper.swift; sourceTree = "<group>"; };
		3461F8C3298FD2BF00577FFB /* OnboardingView.swift */ = {isa = PBXFileReference; lastKnownFileType = sourcecode.swift; path = OnboardingView.swift; sourceTree = "<group>"; };
		34D145E229932FB7007E9740 /* LoginPropertys.swift */ = {isa = PBXFileReference; lastKnownFileType = sourcecode.swift; path = LoginPropertys.swift; sourceTree = "<group>"; };
		34D145E42993368B007E9740 /* CustomPhoneTextField.swift */ = {isa = PBXFileReference; lastKnownFileType = sourcecode.swift; path = CustomPhoneTextField.swift; sourceTree = "<group>"; };
		34D145E629933D26007E9740 /* CustomCountryTextField.swift */ = {isa = PBXFileReference; lastKnownFileType = sourcecode.swift; path = CustomCountryTextField.swift; sourceTree = "<group>"; };
		34D264D929929721003A2BDF /* LoginNumberViewModel.swift */ = {isa = PBXFileReference; lastKnownFileType = sourcecode.swift; path = LoginNumberViewModel.swift; sourceTree = "<group>"; };
		34D264DB29929729003A2BDF /* LoginNumberRouter.swift */ = {isa = PBXFileReference; lastKnownFileType = sourcecode.swift; path = LoginNumberRouter.swift; sourceTree = "<group>"; };
		34D264DE2992979A003A2BDF /* PrivacyPolicy.swift */ = {isa = PBXFileReference; lastKnownFileType = sourcecode.swift; path = PrivacyPolicy.swift; sourceTree = "<group>"; };
		34DA931B29917B3000A65E0E /* OnboardingViewModel.swift */ = {isa = PBXFileReference; lastKnownFileType = sourcecode.swift; path = OnboardingViewModel.swift; sourceTree = "<group>"; };
		34DA931D29917B3700A65E0E /* OnboardingRouter.swift */ = {isa = PBXFileReference; lastKnownFileType = sourcecode.swift; path = OnboardingRouter.swift; sourceTree = "<group>"; };
		34DA932029917C1100A65E0E /* PrehomeView.swift */ = {isa = PBXFileReference; lastKnownFileType = sourcecode.swift; path = PrehomeView.swift; sourceTree = "<group>"; };
		34DA9322299183DB00A65E0E /* PrimaryButtonStyle.swift */ = {isa = PBXFileReference; lastKnownFileType = sourcecode.swift; path = PrimaryButtonStyle.swift; sourceTree = "<group>"; };
		34DA93252991845C00A65E0E /* HelperCustomizeButton.swift */ = {isa = PBXFileReference; lastKnownFileType = sourcecode.swift; path = HelperCustomizeButton.swift; sourceTree = "<group>"; };
		34DC9A732991ACD4002A8EC0 /* OnboardingItem.swift */ = {isa = PBXFileReference; lastKnownFileType = sourcecode.swift; path = OnboardingItem.swift; sourceTree = "<group>"; };
		34DC9A7529927374002A8EC0 /* BackButton.swift */ = {isa = PBXFileReference; lastKnownFileType = sourcecode.swift; path = BackButton.swift; sourceTree = "<group>"; };
		34DC9A7A29927995002A8EC0 /* BackButtonStyle.swift */ = {isa = PBXFileReference; lastKnownFileType = sourcecode.swift; path = BackButtonStyle.swift; sourceTree = "<group>"; };
		34DC9A7C29927B05002A8EC0 /* PrehomeViewModel.swift */ = {isa = PBXFileReference; lastKnownFileType = sourcecode.swift; path = PrehomeViewModel.swift; sourceTree = "<group>"; };
		34DC9A7F29927B14002A8EC0 /* PrehomeRouter.swift */ = {isa = PBXFileReference; lastKnownFileType = sourcecode.swift; path = PrehomeRouter.swift; sourceTree = "<group>"; };
		34DC9A8C29927C6E002A8EC0 /* RegisterName.swift */ = {isa = PBXFileReference; lastKnownFileType = sourcecode.swift; path = RegisterName.swift; sourceTree = "<group>"; };
		34DC9A8E29927C7F002A8EC0 /* LoginNumberView.swift */ = {isa = PBXFileReference; lastKnownFileType = sourcecode.swift; path = LoginNumberView.swift; sourceTree = "<group>"; };
/* End PBXFileReference section */

/* Begin PBXFrameworksBuildPhase section */
		3417335D298FBB5C00EEC9B4 /* Frameworks */ = {
			isa = PBXFrameworksBuildPhase;
			buildActionMask = 2147483647;
			files = (
			);
			runOnlyForDeploymentPostprocessing = 0;
		};
/* End PBXFrameworksBuildPhase section */

/* Begin PBXGroup section */
		340BC6102993FF3200FE6945 /* OTP */ = {
			isa = PBXGroup;
			children = (
				340BC6112994013200FE6945 /* LoginOTPView.swift */,
			);
			path = OTP;
			sourceTree = "<group>";
		};
		34173357298FBB5C00EEC9B4 = {
			isa = PBXGroup;
			children = (
				34173362298FBB5C00EEC9B4 /* Crewl */,
				34173361298FBB5C00EEC9B4 /* Products */,
			);
			sourceTree = "<group>";
		};
		34173361298FBB5C00EEC9B4 /* Products */ = {
			isa = PBXGroup;
			children = (
				34173360298FBB5C00EEC9B4 /* Crewl.app */,
			);
			name = Products;
			sourceTree = "<group>";
		};
		34173362298FBB5C00EEC9B4 /* Crewl */ = {
			isa = PBXGroup;
			children = (
				34173363298FBB5C00EEC9B4 /* CrewlApp.swift */,
				3461F884298FCEDA00577FFB /* Core */,
				3461F886298FCF0B00577FFB /* Extensions */,
				3461F889298FCF0B00577FFB /* Model */,
				3461F885298FCF0B00577FFB /* Service */,
				3461F88C298FCF2900577FFB /* Source */,
				3461F895298FCF2900577FFB /* Utils */,
				34173369298FBB5F00EEC9B4 /* Preview Content */,
			);
			path = Crewl;
			sourceTree = "<group>";
		};
		34173369298FBB5F00EEC9B4 /* Preview Content */ = {
			isa = PBXGroup;
			children = (
				3417336A298FBB5F00EEC9B4 /* Preview Assets.xcassets */,
			);
			path = "Preview Content";
			sourceTree = "<group>";
		};
		343CD7B02991231C0036A559 /* Instruments */ = {
			isa = PBXGroup;
			children = (
				3461F8A8298FD25F00577FFB /* Color */,
				3461F8AB298FD25F00577FFB /* Image */,
				3461F8AF298FD25F00577FFB /* Text */,
				3461F8B2298FD25F00577FFB /* Font */,
			);
			path = Instruments;
			sourceTree = "<group>";
		};
		3461F884298FCEDA00577FFB /* Core */ = {
			isa = PBXGroup;
			children = (
				3461F8A0298FD25F00577FFB /* View */,
				3461F89E298FD25F00577FFB /* Component */,
				3461F8A7298FD25F00577FFB /* Helper */,
				3461F89F298FD25F00577FFB /* Router */,
			);
			path = Core;
			sourceTree = "<group>";
		};
		3461F885298FCF0B00577FFB /* Service */ = {
			isa = PBXGroup;
			children = (
			);
			path = Service;
			sourceTree = "<group>";
		};
		3461F886298FCF0B00577FFB /* Extensions */ = {
			isa = PBXGroup;
			children = (
				3461F887298FCF0B00577FFB /* State+Extension.swift */,
				3461F888298FCF0B00577FFB /* View+Extension.swift */,
			);
			path = Extensions;
			sourceTree = "<group>";
		};
		3461F889298FCF0B00577FFB /* Model */ = {
			isa = PBXGroup;
			children = (
				34DC9A732991ACD4002A8EC0 /* OnboardingItem.swift */,
				34D145E229932FB7007E9740 /* LoginPropertys.swift */,
			);
			path = Model;
			sourceTree = "<group>";
		};
		3461F88C298FCF2900577FFB /* Source */ = {
			isa = PBXGroup;
			children = (
				3461F88D298FCF2900577FFB /* SpaceGrotestFonts */,
				3461F89D298FCFB000577FFB /* Info.plist */,
				34173367298FBB5F00EEC9B4 /* Assets.xcassets */,
				3461F894298FCF2900577FFB /* Localizable.strings */,
			);
			path = Source;
			sourceTree = "<group>";
		};
		3461F88D298FCF2900577FFB /* SpaceGrotestFonts */ = {
			isa = PBXGroup;
			children = (
				3461F88E298FCF2900577FFB /* SpaceGrotesk-Light.ttf */,
				3461F88F298FCF2900577FFB /* SpaceGrotesk-Regular.ttf */,
				3461F890298FCF2900577FFB /* SpaceGrotesk-SemiBold.ttf */,
				3461F891298FCF2900577FFB /* SpaceGrotesk-Medium.ttf */,
				3461F892298FCF2900577FFB /* SpaceGrotesk-Bold.ttf */,
			);
			path = SpaceGrotestFonts;
			sourceTree = "<group>";
		};
		3461F895298FCF2900577FFB /* Utils */ = {
			isa = PBXGroup;
			children = (
			);
			path = Utils;
			sourceTree = "<group>";
		};
		3461F89E298FD25F00577FFB /* Component */ = {
			isa = PBXGroup;
			children = (
				34D264DD2992976D003A2BDF /* UISubViews */,
				34D264D8299296F5003A2BDF /* TextField */,
				34DA93242991842900A65E0E /* Buttons */,
			);
			path = Component;
			sourceTree = "<group>";
		};
		3461F89F298FD25F00577FFB /* Router */ = {
			isa = PBXGroup;
			children = (
			);
			path = Router;
			sourceTree = "<group>";
		};
		3461F8A0298FD25F00577FFB /* View */ = {
			isa = PBXGroup;
			children = (
				3461F8A1298FD25F00577FFB /* Splash */,
				3461F8C2298FD29A00577FFB /* Onboarding */,
				34DA931F29917C0200A65E0E /* Prehome */,
				34DC9A8429927BCE002A8EC0 /* Register */,
				34DC9A8329927BC6002A8EC0 /* Login */,
			);
			path = View;
			sourceTree = "<group>";
		};
		3461F8A1298FD25F00577FFB /* Splash */ = {
			isa = PBXGroup;
			children = (
				3461F8A4298FD25F00577FFB /* SplashRouter.swift */,
				3461F8A2298FD25F00577FFB /* SplashViewModel.swift */,
				3461F8A3298FD25F00577FFB /* SplashView.swift */,
			);
			path = Splash;
			sourceTree = "<group>";
		};
		3461F8A7298FD25F00577FFB /* Helper */ = {
			isa = PBXGroup;
			children = (
				343CD7B02991231C0036A559 /* Instruments */,
			);
			path = Helper;
			sourceTree = "<group>";
		};
		3461F8A8298FD25F00577FFB /* Color */ = {
			isa = PBXGroup;
			children = (
				3461F8A9298FD25F00577FFB /* ColorHelper.swift */,
				3461F8AA298FD25F00577FFB /* ColorHandler.swift */,
			);
			path = Color;
			sourceTree = "<group>";
		};
		3461F8AB298FD25F00577FFB /* Image */ = {
			isa = PBXGroup;
			children = (
				3461F8AC298FD25F00577FFB /* ImageHelper.swift */,
				3461F8AD298FD25F00577FFB /* ImageHandler.swift */,
			);
			path = Image;
			sourceTree = "<group>";
		};
		3461F8AF298FD25F00577FFB /* Text */ = {
			isa = PBXGroup;
			children = (
				3461F8B0298FD25F00577FFB /* TextHelper.swift */,
				3461F8B1298FD25F00577FFB /* TextHandler.swift */,
			);
			path = Text;
			sourceTree = "<group>";
		};
		3461F8B2298FD25F00577FFB /* Font */ = {
			isa = PBXGroup;
			children = (
				3461F8B3298FD25F00577FFB /* FontHandler.swift */,
				3461F8B4298FD25F00577FFB /* FontHelper.swift */,
			);
			path = Font;
			sourceTree = "<group>";
		};
		3461F8C2298FD29A00577FFB /* Onboarding */ = {
			isa = PBXGroup;
			children = (
				34DA931D29917B3700A65E0E /* OnboardingRouter.swift */,
				34DA931B29917B3000A65E0E /* OnboardingViewModel.swift */,
				3461F8C3298FD2BF00577FFB /* OnboardingView.swift */,
			);
			path = Onboarding;
			sourceTree = "<group>";
		};
		34D264D8299296F5003A2BDF /* TextField */ = {
			isa = PBXGroup;
			children = (
				34D145E42993368B007E9740 /* CustomPhoneTextField.swift */,
				34D145E629933D26007E9740 /* CustomCountryTextField.swift */,
			);
			path = TextField;
			sourceTree = "<group>";
		};
		34D264DD2992976D003A2BDF /* UISubViews */ = {
			isa = PBXGroup;
			children = (
				34D264DE2992979A003A2BDF /* PrivacyPolicy.swift */,
			);
			path = UISubViews;
			sourceTree = "<group>";
		};
		34DA931F29917C0200A65E0E /* Prehome */ = {
			isa = PBXGroup;
			children = (
				34DC9A7F29927B14002A8EC0 /* PrehomeRouter.swift */,
				34DC9A7C29927B05002A8EC0 /* PrehomeViewModel.swift */,
				34DA932029917C1100A65E0E /* PrehomeView.swift */,
			);
			path = Prehome;
			sourceTree = "<group>";
		};
		34DA93242991842900A65E0E /* Buttons */ = {
			isa = PBXGroup;
			children = (
				34DC9A772992737D002A8EC0 /* Button */,
				34DC9A7829927387002A8EC0 /* Style */,
				34DC9A792992738F002A8EC0 /* Helper */,
			);
			path = Buttons;
			sourceTree = "<group>";
		};
		34DC9A772992737D002A8EC0 /* Button */ = {
			isa = PBXGroup;
			children = (
				34DC9A7529927374002A8EC0 /* BackButton.swift */,
			);
			path = Button;
			sourceTree = "<group>";
		};
		34DC9A7829927387002A8EC0 /* Style */ = {
			isa = PBXGroup;
			children = (
				34DA9322299183DB00A65E0E /* PrimaryButtonStyle.swift */,
				34DC9A7A29927995002A8EC0 /* BackButtonStyle.swift */,
			);
			path = Style;
			sourceTree = "<group>";
		};
		34DC9A792992738F002A8EC0 /* Helper */ = {
			isa = PBXGroup;
			children = (
				34DA93252991845C00A65E0E /* HelperCustomizeButton.swift */,
			);
			path = Helper;
			sourceTree = "<group>";
		};
		34DC9A8129927B48002A8EC0 /* LoginNumber */ = {
			isa = PBXGroup;
			children = (
				34D264DB29929729003A2BDF /* LoginNumberRouter.swift */,
				34D264D929929721003A2BDF /* LoginNumberViewModel.swift */,
				34DC9A8E29927C7F002A8EC0 /* LoginNumberView.swift */,
			);
			path = LoginNumber;
			sourceTree = "<group>";
		};
		34DC9A8229927B88002A8EC0 /* RegisterName */ = {
			isa = PBXGroup;
			children = (
				34DC9A8C29927C6E002A8EC0 /* RegisterName.swift */,
			);
			path = RegisterName;
			sourceTree = "<group>";
		};
		34DC9A8329927BC6002A8EC0 /* Login */ = {
			isa = PBXGroup;
			children = (
				34DC9A8129927B48002A8EC0 /* LoginNumber */,
				340BC6102993FF3200FE6945 /* OTP */,
			);
			path = Login;
			sourceTree = "<group>";
		};
		34DC9A8429927BCE002A8EC0 /* Register */ = {
			isa = PBXGroup;
			children = (
				34DC9A8229927B88002A8EC0 /* RegisterName */,
			);
			path = Register;
			sourceTree = "<group>";
		};
/* End PBXGroup section */

/* Begin PBXNativeTarget section */
		3417335F298FBB5C00EEC9B4 /* Crewl */ = {
			isa = PBXNativeTarget;
			buildConfigurationList = 3417336E298FBB5F00EEC9B4 /* Build configuration list for PBXNativeTarget "Crewl" */;
			buildPhases = (
				3417335C298FBB5C00EEC9B4 /* Sources */,
				3417335D298FBB5C00EEC9B4 /* Frameworks */,
				3417335E298FBB5C00EEC9B4 /* Resources */,
			);
			buildRules = (
			);
			dependencies = (
			);
			name = Crewl;
			productName = Crewl;
			productReference = 34173360298FBB5C00EEC9B4 /* Crewl.app */;
			productType = "com.apple.product-type.application";
		};
/* End PBXNativeTarget section */

/* Begin PBXProject section */
		34173358298FBB5C00EEC9B4 /* Project object */ = {
			isa = PBXProject;
			attributes = {
				BuildIndependentTargetsInParallel = 1;
				LastSwiftUpdateCheck = 1420;
				LastUpgradeCheck = 1420;
				TargetAttributes = {
					3417335F298FBB5C00EEC9B4 = {
						CreatedOnToolsVersion = 14.2;
					};
				};
			};
			buildConfigurationList = 3417335B298FBB5C00EEC9B4 /* Build configuration list for PBXProject "Crewl" */;
			compatibilityVersion = "Xcode 14.0";
			developmentRegion = en;
			hasScannedForEncodings = 0;
			knownRegions = (
				en,
				Base,
			);
			mainGroup = 34173357298FBB5C00EEC9B4;
			productRefGroup = 34173361298FBB5C00EEC9B4 /* Products */;
			projectDirPath = "";
			projectRoot = "";
			targets = (
				3417335F298FBB5C00EEC9B4 /* Crewl */,
			);
		};
/* End PBXProject section */

/* Begin PBXResourcesBuildPhase section */
		3417335E298FBB5C00EEC9B4 /* Resources */ = {
			isa = PBXResourcesBuildPhase;
			buildActionMask = 2147483647;
			files = (
				3461F898298FCF2900577FFB /* SpaceGrotesk-SemiBold.ttf in Resources */,
				3461F896298FCF2900577FFB /* SpaceGrotesk-Light.ttf in Resources */,
				3461F899298FCF2900577FFB /* SpaceGrotesk-Medium.ttf in Resources */,
				3417336B298FBB5F00EEC9B4 /* Preview Assets.xcassets in Resources */,
				3461F89C298FCF2900577FFB /* Localizable.strings in Resources */,
				3461F897298FCF2900577FFB /* SpaceGrotesk-Regular.ttf in Resources */,
				34173368298FBB5F00EEC9B4 /* Assets.xcassets in Resources */,
				3461F89A298FCF2900577FFB /* SpaceGrotesk-Bold.ttf in Resources */,
			);
			runOnlyForDeploymentPostprocessing = 0;
		};
/* End PBXResourcesBuildPhase section */

/* Begin PBXSourcesBuildPhase section */
		3417335C298FBB5C00EEC9B4 /* Sources */ = {
			isa = PBXSourcesBuildPhase;
			buildActionMask = 2147483647;
			files = (
				34D145E329932FB7007E9740 /* LoginPropertys.swift in Sources */,
				34DC9A742991ACD4002A8EC0 /* OnboardingItem.swift in Sources */,
				3461F8BE298FD25F00577FFB /* TextHelper.swift in Sources */,
				34DC9A7629927374002A8EC0 /* BackButton.swift in Sources */,
				34DC9A8D29927C6E002A8EC0 /* RegisterName.swift in Sources */,
				34DA931E29917B3700A65E0E /* OnboardingRouter.swift in Sources */,
				3461F8B5298FD25F00577FFB /* SplashViewModel.swift in Sources */,
				34DC9A7D29927B05002A8EC0 /* PrehomeViewModel.swift in Sources */,
				3461F8C1298FD25F00577FFB /* FontHelper.swift in Sources */,
				3461F8C4298FD2BF00577FFB /* OnboardingView.swift in Sources */,
				3461F8BB298FD25F00577FFB /* ImageHelper.swift in Sources */,
				34D145E729933D26007E9740 /* CustomCountryTextField.swift in Sources */,
				34DA93262991845C00A65E0E /* HelperCustomizeButton.swift in Sources */,
				34D145E52993368B007E9740 /* CustomPhoneTextField.swift in Sources */,
				3461F8BA298FD25F00577FFB /* ColorHandler.swift in Sources */,
				3461F8BC298FD25F00577FFB /* ImageHandler.swift in Sources */,
				34DC9A8F29927C7F002A8EC0 /* LoginNumberView.swift in Sources */,
				34D264DF2992979A003A2BDF /* PrivacyPolicy.swift in Sources */,
				34173364298FBB5C00EEC9B4 /* CrewlApp.swift in Sources */,
				3461F8B7298FD25F00577FFB /* SplashRouter.swift in Sources */,
				34DA931C29917B3000A65E0E /* OnboardingViewModel.swift in Sources */,
				3461F8B9298FD25F00577FFB /* ColorHelper.swift in Sources */,
				3461F8B6298FD25F00577FFB /* SplashView.swift in Sources */,
				34D264DA29929721003A2BDF /* LoginNumberViewModel.swift in Sources */,
				34D264DC29929729003A2BDF /* LoginNumberRouter.swift in Sources */,
				34DA932129917C1100A65E0E /* PrehomeView.swift in Sources */,
				34DA9323299183DB00A65E0E /* PrimaryButtonStyle.swift in Sources */,
				3461F88B298FCF0B00577FFB /* View+Extension.swift in Sources */,
				3461F88A298FCF0B00577FFB /* State+Extension.swift in Sources */,
				340BC6122994013200FE6945 /* LoginOTPView.swift in Sources */,
				3461F8BF298FD25F00577FFB /* TextHandler.swift in Sources */,
				34DC9A8029927B14002A8EC0 /* PrehomeRouter.swift in Sources */,
				34DC9A7B29927995002A8EC0 /* BackButtonStyle.swift in Sources */,
				3461F8C0298FD25F00577FFB /* FontHandler.swift in Sources */,
			);
			runOnlyForDeploymentPostprocessing = 0;
		};
/* End PBXSourcesBuildPhase section */

/* Begin XCBuildConfiguration section */
		3417336C298FBB5F00EEC9B4 /* Debug */ = {
			isa = XCBuildConfiguration;
			buildSettings = {
				ALWAYS_SEARCH_USER_PATHS = NO;
				CLANG_ANALYZER_NONNULL = YES;
				CLANG_ANALYZER_NUMBER_OBJECT_CONVERSION = YES_AGGRESSIVE;
				CLANG_CXX_LANGUAGE_STANDARD = "gnu++20";
				CLANG_ENABLE_MODULES = YES;
				CLANG_ENABLE_OBJC_ARC = YES;
				CLANG_ENABLE_OBJC_WEAK = YES;
				CLANG_WARN_BLOCK_CAPTURE_AUTORELEASING = YES;
				CLANG_WARN_BOOL_CONVERSION = YES;
				CLANG_WARN_COMMA = YES;
				CLANG_WARN_CONSTANT_CONVERSION = YES;
				CLANG_WARN_DEPRECATED_OBJC_IMPLEMENTATIONS = YES;
				CLANG_WARN_DIRECT_OBJC_ISA_USAGE = YES_ERROR;
				CLANG_WARN_DOCUMENTATION_COMMENTS = YES;
				CLANG_WARN_EMPTY_BODY = YES;
				CLANG_WARN_ENUM_CONVERSION = YES;
				CLANG_WARN_INFINITE_RECURSION = YES;
				CLANG_WARN_INT_CONVERSION = YES;
				CLANG_WARN_NON_LITERAL_NULL_CONVERSION = YES;
				CLANG_WARN_OBJC_IMPLICIT_RETAIN_SELF = YES;
				CLANG_WARN_OBJC_LITERAL_CONVERSION = YES;
				CLANG_WARN_OBJC_ROOT_CLASS = YES_ERROR;
				CLANG_WARN_QUOTED_INCLUDE_IN_FRAMEWORK_HEADER = YES;
				CLANG_WARN_RANGE_LOOP_ANALYSIS = YES;
				CLANG_WARN_STRICT_PROTOTYPES = YES;
				CLANG_WARN_SUSPICIOUS_MOVE = YES;
				CLANG_WARN_UNGUARDED_AVAILABILITY = YES_AGGRESSIVE;
				CLANG_WARN_UNREACHABLE_CODE = YES;
				CLANG_WARN__DUPLICATE_METHOD_MATCH = YES;
				COPY_PHASE_STRIP = NO;
				DEBUG_INFORMATION_FORMAT = dwarf;
				ENABLE_STRICT_OBJC_MSGSEND = YES;
				ENABLE_TESTABILITY = YES;
				GCC_C_LANGUAGE_STANDARD = gnu11;
				GCC_DYNAMIC_NO_PIC = NO;
				GCC_NO_COMMON_BLOCKS = YES;
				GCC_OPTIMIZATION_LEVEL = 0;
				GCC_PREPROCESSOR_DEFINITIONS = (
					"DEBUG=1",
					"$(inherited)",
				);
				GCC_WARN_64_TO_32_BIT_CONVERSION = YES;
				GCC_WARN_ABOUT_RETURN_TYPE = YES_ERROR;
				GCC_WARN_UNDECLARED_SELECTOR = YES;
				GCC_WARN_UNINITIALIZED_AUTOS = YES_AGGRESSIVE;
				GCC_WARN_UNUSED_FUNCTION = YES;
				GCC_WARN_UNUSED_VARIABLE = YES;
				IPHONEOS_DEPLOYMENT_TARGET = 16.2;
				MTL_ENABLE_DEBUG_INFO = INCLUDE_SOURCE;
				MTL_FAST_MATH = YES;
				ONLY_ACTIVE_ARCH = YES;
				SDKROOT = iphoneos;
				SWIFT_ACTIVE_COMPILATION_CONDITIONS = DEBUG;
				SWIFT_OPTIMIZATION_LEVEL = "-Onone";
			};
			name = Debug;
		};
		3417336D298FBB5F00EEC9B4 /* Release */ = {
			isa = XCBuildConfiguration;
			buildSettings = {
				ALWAYS_SEARCH_USER_PATHS = NO;
				CLANG_ANALYZER_NONNULL = YES;
				CLANG_ANALYZER_NUMBER_OBJECT_CONVERSION = YES_AGGRESSIVE;
				CLANG_CXX_LANGUAGE_STANDARD = "gnu++20";
				CLANG_ENABLE_MODULES = YES;
				CLANG_ENABLE_OBJC_ARC = YES;
				CLANG_ENABLE_OBJC_WEAK = YES;
				CLANG_WARN_BLOCK_CAPTURE_AUTORELEASING = YES;
				CLANG_WARN_BOOL_CONVERSION = YES;
				CLANG_WARN_COMMA = YES;
				CLANG_WARN_CONSTANT_CONVERSION = YES;
				CLANG_WARN_DEPRECATED_OBJC_IMPLEMENTATIONS = YES;
				CLANG_WARN_DIRECT_OBJC_ISA_USAGE = YES_ERROR;
				CLANG_WARN_DOCUMENTATION_COMMENTS = YES;
				CLANG_WARN_EMPTY_BODY = YES;
				CLANG_WARN_ENUM_CONVERSION = YES;
				CLANG_WARN_INFINITE_RECURSION = YES;
				CLANG_WARN_INT_CONVERSION = YES;
				CLANG_WARN_NON_LITERAL_NULL_CONVERSION = YES;
				CLANG_WARN_OBJC_IMPLICIT_RETAIN_SELF = YES;
				CLANG_WARN_OBJC_LITERAL_CONVERSION = YES;
				CLANG_WARN_OBJC_ROOT_CLASS = YES_ERROR;
				CLANG_WARN_QUOTED_INCLUDE_IN_FRAMEWORK_HEADER = YES;
				CLANG_WARN_RANGE_LOOP_ANALYSIS = YES;
				CLANG_WARN_STRICT_PROTOTYPES = YES;
				CLANG_WARN_SUSPICIOUS_MOVE = YES;
				CLANG_WARN_UNGUARDED_AVAILABILITY = YES_AGGRESSIVE;
				CLANG_WARN_UNREACHABLE_CODE = YES;
				CLANG_WARN__DUPLICATE_METHOD_MATCH = YES;
				COPY_PHASE_STRIP = NO;
				DEBUG_INFORMATION_FORMAT = "dwarf-with-dsym";
				ENABLE_NS_ASSERTIONS = NO;
				ENABLE_STRICT_OBJC_MSGSEND = YES;
				GCC_C_LANGUAGE_STANDARD = gnu11;
				GCC_NO_COMMON_BLOCKS = YES;
				GCC_WARN_64_TO_32_BIT_CONVERSION = YES;
				GCC_WARN_ABOUT_RETURN_TYPE = YES_ERROR;
				GCC_WARN_UNDECLARED_SELECTOR = YES;
				GCC_WARN_UNINITIALIZED_AUTOS = YES_AGGRESSIVE;
				GCC_WARN_UNUSED_FUNCTION = YES;
				GCC_WARN_UNUSED_VARIABLE = YES;
				IPHONEOS_DEPLOYMENT_TARGET = 16.2;
				MTL_ENABLE_DEBUG_INFO = NO;
				MTL_FAST_MATH = YES;
				SDKROOT = iphoneos;
				SWIFT_COMPILATION_MODE = wholemodule;
				SWIFT_OPTIMIZATION_LEVEL = "-O";
				VALIDATE_PRODUCT = YES;
			};
			name = Release;
		};
		3417336F298FBB5F00EEC9B4 /* Debug */ = {
			isa = XCBuildConfiguration;
			buildSettings = {
				ASSETCATALOG_COMPILER_APPICON_NAME = CrewlAppIcon;
				ASSETCATALOG_COMPILER_GLOBAL_ACCENT_COLOR_NAME = AccentColor;
				CODE_SIGN_STYLE = Automatic;
				CURRENT_PROJECT_VERSION = 1;
				DEVELOPMENT_ASSET_PATHS = "\"Crewl/Preview Content\"";
				DEVELOPMENT_TEAM = MW2482B7WH;
				ENABLE_PREVIEWS = YES;
				GENERATE_INFOPLIST_FILE = YES;
				INFOPLIST_FILE = Crewl/Source/Info.plist;
				INFOPLIST_KEY_UIApplicationSupportsIndirectInputEvents = YES;
				INFOPLIST_KEY_UILaunchScreen_Generation = YES;
				INFOPLIST_KEY_UIStatusBarStyle = UIStatusBarStyleDarkContent;
				INFOPLIST_KEY_UISupportedInterfaceOrientations = UIInterfaceOrientationPortrait;
				INFOPLIST_KEY_UISupportedInterfaceOrientations_iPad = "UIInterfaceOrientationLandscapeLeft UIInterfaceOrientationLandscapeRight UIInterfaceOrientationPortrait UIInterfaceOrientationPortraitUpsideDown";
				IPHONEOS_DEPLOYMENT_TARGET = 15.0;
				LD_RUNPATH_SEARCH_PATHS = (
					"$(inherited)",
					"@executable_path/Frameworks",
				);
				MARKETING_VERSION = 1.0;
				PRODUCT_BUNDLE_IDENTIFIER = NomoSiOS.Crewl;
				PRODUCT_NAME = "$(TARGET_NAME)";
				SUPPORTED_PLATFORMS = "iphoneos iphonesimulator";
				SUPPORTS_MACCATALYST = NO;
				SUPPORTS_MAC_DESIGNED_FOR_IPHONE_IPAD = NO;
				SWIFT_EMIT_LOC_STRINGS = YES;
				SWIFT_VERSION = 5.0;
				TARGETED_DEVICE_FAMILY = 1;
			};
			name = Debug;
		};
		34173370298FBB5F00EEC9B4 /* Release */ = {
			isa = XCBuildConfiguration;
			buildSettings = {
				ASSETCATALOG_COMPILER_APPICON_NAME = CrewlAppIcon;
				ASSETCATALOG_COMPILER_GLOBAL_ACCENT_COLOR_NAME = AccentColor;
				CODE_SIGN_STYLE = Automatic;
				CURRENT_PROJECT_VERSION = 1;
				DEVELOPMENT_ASSET_PATHS = "\"Crewl/Preview Content\"";
				DEVELOPMENT_TEAM = MW2482B7WH;
				ENABLE_PREVIEWS = YES;
				GENERATE_INFOPLIST_FILE = YES;
				INFOPLIST_FILE = Crewl/Source/Info.plist;
				INFOPLIST_KEY_UIApplicationSupportsIndirectInputEvents = YES;
				INFOPLIST_KEY_UILaunchScreen_Generation = YES;
				INFOPLIST_KEY_UIStatusBarStyle = UIStatusBarStyleDarkContent;
				INFOPLIST_KEY_UISupportedInterfaceOrientations = UIInterfaceOrientationPortrait;
				INFOPLIST_KEY_UISupportedInterfaceOrientations_iPad = "UIInterfaceOrientationLandscapeLeft UIInterfaceOrientationLandscapeRight UIInterfaceOrientationPortrait UIInterfaceOrientationPortraitUpsideDown";
				IPHONEOS_DEPLOYMENT_TARGET = 15.0;
				LD_RUNPATH_SEARCH_PATHS = (
					"$(inherited)",
					"@executable_path/Frameworks",
				);
				MARKETING_VERSION = 1.0;
				PRODUCT_BUNDLE_IDENTIFIER = NomoSiOS.Crewl;
				PRODUCT_NAME = "$(TARGET_NAME)";
				SUPPORTED_PLATFORMS = "iphoneos iphonesimulator";
				SUPPORTS_MACCATALYST = NO;
				SUPPORTS_MAC_DESIGNED_FOR_IPHONE_IPAD = NO;
				SWIFT_EMIT_LOC_STRINGS = YES;
				SWIFT_VERSION = 5.0;
				TARGETED_DEVICE_FAMILY = 1;
			};
			name = Release;
		};
/* End XCBuildConfiguration section */

/* Begin XCConfigurationList section */
		3417335B298FBB5C00EEC9B4 /* Build configuration list for PBXProject "Crewl" */ = {
			isa = XCConfigurationList;
			buildConfigurations = (
				3417336C298FBB5F00EEC9B4 /* Debug */,
				3417336D298FBB5F00EEC9B4 /* Release */,
			);
			defaultConfigurationIsVisible = 0;
			defaultConfigurationName = Release;
		};
		3417336E298FBB5F00EEC9B4 /* Build configuration list for PBXNativeTarget "Crewl" */ = {
			isa = XCConfigurationList;
			buildConfigurations = (
				3417336F298FBB5F00EEC9B4 /* Debug */,
				34173370298FBB5F00EEC9B4 /* Release */,
			);
			defaultConfigurationIsVisible = 0;
			defaultConfigurationName = Release;
		};
/* End XCConfigurationList section */
	};
	rootObject = 34173358298FBB5C00EEC9B4 /* Project object */;
}
